
Microsoft Visual Studio Solution File, Format Version 12.00
# Visual Studio Version 16
VisualStudioVersion = 16.0.28803.452
MinimumVisualStudioVersion = 10.0.40219.1
Project("{FAE04EC0-301F-11D3-BF4B-00C04F79EFBC}") = "BibliotecaVirtual.Api", "BibliotecaVirtual.Api\BibliotecaVirtual.Api.csproj", "{F50AB16E-09FE-4EE9-9D09-CE41B25D40AF}"
EndProject
Global
	GlobalSection(SolutionConfigurationPlatforms) = preSolution
		Debug|Any CPU = Debug|Any CPU
		Release|Any CPU = Release|Any CPU
	EndGlobalSection
	GlobalSection(ProjectConfigurationPlatforms) = postSolution
		{F50AB16E-09FE-4EE9-9D09-CE41B25D40AF}.Debug|Any CPU.ActiveCfg = Debug|Any CPU
		{F50AB16E-09FE-4EE9-9D09-CE41B25D40AF}.Debug|Any CPU.Build.0 = Debug|Any CPU
		{F50AB16E-09FE-4EE9-9D09-CE41B25D40AF}.Release|Any CPU.ActiveCfg = Release|Any CPU
		{F50AB16E-09FE-4EE9-9D09-CE41B25D40AF}.Release|Any CPU.Build.0 = Release|Any CPU
	EndGlobalSection
	GlobalSection(SolutionProperties) = preSolution
		HideSolutionNode = FALSE
	EndGlobalSection
	GlobalSection(ExtensibilityGlobals) = postSolution
		SolutionGuid = {8E4CDC89-C0D0-4EE2-8311-3144F2F355D3}
	EndGlobalSection
EndGlobal
